
Microsoft Visual Studio Solution File, Format Version 12.00
# Visual Studio Version 17
VisualStudioVersion = 17.9.34728.123
MinimumVisualStudioVersion = 10.0.40219.1
Project("{FAE04EC0-301F-11D3-BF4B-00C04F79EFBC}") = "ListExample2", "ListExample2\ListExample2.csproj", "{1212562C-0011-4969-A8BE-9811C23D93DA}"
EndProject
Global
	GlobalSection(SolutionConfigurationPlatforms) = preSolution
		Debug|Any CPU = Debug|Any CPU
		Release|Any CPU = Release|Any CPU
	EndGlobalSection
	GlobalSection(ProjectConfigurationPlatforms) = postSolution
		{1212562C-0011-4969-A8BE-9811C23D93DA}.Debug|Any CPU.ActiveCfg = Debug|Any CPU
		{1212562C-0011-4969-A8BE-9811C23D93DA}.Debug|Any CPU.Build.0 = Debug|Any CPU
		{1212562C-0011-4969-A8BE-9811C23D93DA}.Release|Any CPU.ActiveCfg = Release|Any CPU
		{1212562C-0011-4969-A8BE-9811C23D93DA}.Release|Any CPU.Build.0 = Release|Any CPU
	EndGlobalSection
	GlobalSection(SolutionProperties) = preSolution
		HideSolutionNode = FALSE
	EndGlobalSection
	GlobalSection(ExtensibilityGlobals) = postSolution
		SolutionGuid = {93AB1861-4821-4932-A37B-74361C3C7015}
	EndGlobalSection
EndGlobal
